
Microsoft Visual Studio Solution File, Format Version 12.00
# Visual Studio 2012
Project("{00D1A9C2-B5F0-4AF3-8072-F6C62B433612}") = "AlphaDatabase", "AlphaDatabase\AlphaDatabase.sqlproj", "{9E90492D-C5C7-4DB6-992A-E1222E032B7C}"
EndProject
Global
	GlobalSection(SolutionConfigurationPlatforms) = preSolution
		Debug|Any CPU = Debug|Any CPU
		Release|Any CPU = Release|Any CPU
	EndGlobalSection
	GlobalSection(ProjectConfigurationPlatforms) = postSolution
		{9E90492D-C5C7-4DB6-992A-E1222E032B7C}.Debug|Any CPU.ActiveCfg = Debug|Any CPU
		{9E90492D-C5C7-4DB6-992A-E1222E032B7C}.Debug|Any CPU.Build.0 = Debug|Any CPU
		{9E90492D-C5C7-4DB6-992A-E1222E032B7C}.Debug|Any CPU.Deploy.0 = Debug|Any CPU
		{9E90492D-C5C7-4DB6-992A-E1222E032B7C}.Release|Any CPU.ActiveCfg = Release|Any CPU
		{9E90492D-C5C7-4DB6-992A-E1222E032B7C}.Release|Any CPU.Build.0 = Release|Any CPU
		{9E90492D-C5C7-4DB6-992A-E1222E032B7C}.Release|Any CPU.Deploy.0 = Release|Any CPU
	EndGlobalSection
	GlobalSection(SolutionProperties) = preSolution
		HideSolutionNode = FALSE
	EndGlobalSection
EndGlobal
